// !$*UTF8*$!
{
	archiveVersion = 1;
	classes = {
	};
	objectVersion = 56;
	objects = {

/* Begin PBXBuildFile section */
		123296552A6FEA63004CEFF4 /* RealmManager.swift in Sources */ = {isa = PBXBuildFile; fileRef = 123296542A6FEA63004CEFF4 /* RealmManager.swift */; };
		125D72FE2A730A3C00E63F74 /* APIClient.swift in Sources */ = {isa = PBXBuildFile; fileRef = 125D72FD2A730A3C00E63F74 /* APIClient.swift */; };
		125D73012A730A5D00E63F74 /* Alamofire in Frameworks */ = {isa = PBXBuildFile; productRef = 125D73002A730A5D00E63F74 /* Alamofire */; };
		125D73032A730ACD00E63F74 /* ModelAPI.swift in Sources */ = {isa = PBXBuildFile; fileRef = 125D73022A730ACD00E63F74 /* ModelAPI.swift */; };
		126FBB8D2A76211700A66E81 /* Extension + UIImage.swift in Sources */ = {isa = PBXBuildFile; fileRef = 126FBB8C2A76211700A66E81 /* Extension + UIImage.swift */; };
		12B3AA2C2A7096A300E3C0A4 /* DoorsWithImageCell.swift in Sources */ = {isa = PBXBuildFile; fileRef = 12B3AA2B2A7096A300E3C0A4 /* DoorsWithImageCell.swift */; };
		12DEC8B52A6ECB7C003DE5EF /* AppDelegate.swift in Sources */ = {isa = PBXBuildFile; fileRef = 12DEC8B42A6ECB7C003DE5EF /* AppDelegate.swift */; };
		12DEC8B72A6ECB7C003DE5EF /* SceneDelegate.swift in Sources */ = {isa = PBXBuildFile; fileRef = 12DEC8B62A6ECB7C003DE5EF /* SceneDelegate.swift */; };
		12DEC8B92A6ECB7C003DE5EF /* CamerasViewController.swift in Sources */ = {isa = PBXBuildFile; fileRef = 12DEC8B82A6ECB7C003DE5EF /* CamerasViewController.swift */; };
		12DEC8BC2A6ECB7C003DE5EF /* Main.storyboard in Resources */ = {isa = PBXBuildFile; fileRef = 12DEC8BA2A6ECB7C003DE5EF /* Main.storyboard */; };
		12DEC8BE2A6ECB7D003DE5EF /* Assets.xcassets in Resources */ = {isa = PBXBuildFile; fileRef = 12DEC8BD2A6ECB7D003DE5EF /* Assets.xcassets */; };
		12DEC8C12A6ECB7D003DE5EF /* LaunchScreen.storyboard in Resources */ = {isa = PBXBuildFile; fileRef = 12DEC8BF2A6ECB7D003DE5EF /* LaunchScreen.storyboard */; };
		12DEC8CD2A6ECEB0003DE5EF /* RealmSwift in Frameworks */ = {isa = PBXBuildFile; productRef = 12DEC8CC2A6ECEB0003DE5EF /* RealmSwift */; };
		12DEC8CF2A6ED02F003DE5EF /* CameraDataModel.swift in Sources */ = {isa = PBXBuildFile; fileRef = 12DEC8CE2A6ED02F003DE5EF /* CameraDataModel.swift */; };
		12DEC8D52A6ED07F003DE5EF /* NetworkService.swift in Sources */ = {isa = PBXBuildFile; fileRef = 12DEC8D42A6ED07F003DE5EF /* NetworkService.swift */; };
		12DEC8DD2A6ED154003DE5EF /* CamerasCell.swift in Sources */ = {isa = PBXBuildFile; fileRef = 12DEC8DC2A6ED154003DE5EF /* CamerasCell.swift */; };
		12DEC8E12A6ED7B1003DE5EF /* RealmModel.swift in Sources */ = {isa = PBXBuildFile; fileRef = 12DEC8E02A6ED7B1003DE5EF /* RealmModel.swift */; };
		12FC46792A702F47002FAE3A /* DoorsViewController.swift in Sources */ = {isa = PBXBuildFile; fileRef = 12FC46782A702F47002FAE3A /* DoorsViewController.swift */; };
		12FC467B2A702F63002FAE3A /* DoorsCell.swift in Sources */ = {isa = PBXBuildFile; fileRef = 12FC467A2A702F63002FAE3A /* DoorsCell.swift */; };
		12FE43FB2A6F31E9001EDB94 /* Kingfisher in Frameworks */ = {isa = PBXBuildFile; productRef = 12FE43FA2A6F31E9001EDB94 /* Kingfisher */; };
		12FE43FD2A6F3AD8001EDB94 /* DoorDataModel.swift in Sources */ = {isa = PBXBuildFile; fileRef = 12FE43FC2A6F3AD8001EDB94 /* DoorDataModel.swift */; };
		12FE44002A6F4450001EDB94 /* DetailDomofonViewController.swift in Sources */ = {isa = PBXBuildFile; fileRef = 12FE43FF2A6F4450001EDB94 /* DetailDomofonViewController.swift */; };
/* End PBXBuildFile section */

/* Begin PBXFileReference section */
		123296542A6FEA63004CEFF4 /* RealmManager.swift */ = {isa = PBXFileReference; lastKnownFileType = sourcecode.swift; path = RealmManager.swift; sourceTree = "<group>"; };
		125D72FD2A730A3C00E63F74 /* APIClient.swift */ = {isa = PBXFileReference; lastKnownFileType = sourcecode.swift; path = APIClient.swift; sourceTree = "<group>"; };
		125D73022A730ACD00E63F74 /* ModelAPI.swift */ = {isa = PBXFileReference; lastKnownFileType = sourcecode.swift; path = ModelAPI.swift; sourceTree = "<group>"; };
		126FBB8C2A76211700A66E81 /* Extension + UIImage.swift */ = {isa = PBXFileReference; lastKnownFileType = sourcecode.swift; path = "Extension + UIImage.swift"; sourceTree = "<group>"; };
		12B3AA2B2A7096A300E3C0A4 /* DoorsWithImageCell.swift */ = {isa = PBXFileReference; lastKnownFileType = sourcecode.swift; path = DoorsWithImageCell.swift; sourceTree = "<group>"; };
		12DEC8B12A6ECB7C003DE5EF /* Rick.app */ = {isa = PBXFileReference; explicitFileType = wrapper.application; includeInIndex = 0; path = Rick.app; sourceTree = BUILT_PRODUCTS_DIR; };
		12DEC8B42A6ECB7C003DE5EF /* AppDelegate.swift */ = {isa = PBXFileReference; lastKnownFileType = sourcecode.swift; path = AppDelegate.swift; sourceTree = "<group>"; };
		12DEC8B62A6ECB7C003DE5EF /* SceneDelegate.swift */ = {isa = PBXFileReference; lastKnownFileType = sourcecode.swift; path = SceneDelegate.swift; sourceTree = "<group>"; };
		12DEC8B82A6ECB7C003DE5EF /* CamerasViewController.swift */ = {isa = PBXFileReference; lastKnownFileType = sourcecode.swift; path = CamerasViewController.swift; sourceTree = "<group>"; };
		12DEC8BB2A6ECB7C003DE5EF /* Base */ = {isa = PBXFileReference; lastKnownFileType = file.storyboard; name = Base; path = Base.lproj/Main.storyboard; sourceTree = "<group>"; };
		12DEC8BD2A6ECB7D003DE5EF /* Assets.xcassets */ = {isa = PBXFileReference; lastKnownFileType = folder.assetcatalog; path = Assets.xcassets; sourceTree = "<group>"; };
		12DEC8C02A6ECB7D003DE5EF /* Base */ = {isa = PBXFileReference; lastKnownFileType = file.storyboard; name = Base; path = Base.lproj/LaunchScreen.storyboard; sourceTree = "<group>"; };
		12DEC8C22A6ECB7D003DE5EF /* Info.plist */ = {isa = PBXFileReference; lastKnownFileType = text.plist.xml; path = Info.plist; sourceTree = "<group>"; };
		12DEC8CE2A6ED02F003DE5EF /* CameraDataModel.swift */ = {isa = PBXFileReference; lastKnownFileType = sourcecode.swift; path = CameraDataModel.swift; sourceTree = "<group>"; };
		12DEC8D42A6ED07F003DE5EF /* NetworkService.swift */ = {isa = PBXFileReference; lastKnownFileType = sourcecode.swift; path = NetworkService.swift; sourceTree = "<group>"; };
		12DEC8DC2A6ED154003DE5EF /* CamerasCell.swift */ = {isa = PBXFileReference; lastKnownFileType = sourcecode.swift; path = CamerasCell.swift; sourceTree = "<group>"; };
		12DEC8E02A6ED7B1003DE5EF /* RealmModel.swift */ = {isa = PBXFileReference; lastKnownFileType = sourcecode.swift; path = RealmModel.swift; sourceTree = "<group>"; };
		12FC46782A702F47002FAE3A /* DoorsViewController.swift */ = {isa = PBXFileReference; lastKnownFileType = sourcecode.swift; path = DoorsViewController.swift; sourceTree = "<group>"; };
		12FC467A2A702F63002FAE3A /* DoorsCell.swift */ = {isa = PBXFileReference; lastKnownFileType = sourcecode.swift; path = DoorsCell.swift; sourceTree = "<group>"; };
		12FE43FC2A6F3AD8001EDB94 /* DoorDataModel.swift */ = {isa = PBXFileReference; lastKnownFileType = sourcecode.swift; path = DoorDataModel.swift; sourceTree = "<group>"; };
		12FE43FF2A6F4450001EDB94 /* DetailDomofonViewController.swift */ = {isa = PBXFileReference; lastKnownFileType = sourcecode.swift; path = DetailDomofonViewController.swift; sourceTree = "<group>"; };
/* End PBXFileReference section */

/* Begin PBXFrameworksBuildPhase section */
		12DEC8AE2A6ECB7C003DE5EF /* Frameworks */ = {
			isa = PBXFrameworksBuildPhase;
			buildActionMask = 2147483647;
			files = (
				125D73012A730A5D00E63F74 /* Alamofire in Frameworks */,
				12FE43FB2A6F31E9001EDB94 /* Kingfisher in Frameworks */,
				12DEC8CD2A6ECEB0003DE5EF /* RealmSwift in Frameworks */,
			);
			runOnlyForDeploymentPostprocessing = 0;
		};
/* End PBXFrameworksBuildPhase section */

/* Begin PBXGroup section */
		122B81B22A6FFFD800B3C93C /* Storage */ = {
			isa = PBXGroup;
			children = (
				12DEC8E02A6ED7B1003DE5EF /* RealmModel.swift */,
				123296542A6FEA63004CEFF4 /* RealmManager.swift */,
			);
			path = Storage;
			sourceTree = "<group>";
		};
		122B81B32A6FFFF900B3C93C /* Network */ = {
			isa = PBXGroup;
			children = (
				12DEC8D42A6ED07F003DE5EF /* NetworkService.swift */,
				125D72FD2A730A3C00E63F74 /* APIClient.swift */,
				125D73022A730ACD00E63F74 /* ModelAPI.swift */,
				12DEC8D22A6ED04C003DE5EF /* Models */,
			);
			path = Network;
			sourceTree = "<group>";
		};
		126FBB8B2A7620FC00A66E81 /* Extensions */ = {
			isa = PBXGroup;
			children = (
				126FBB8C2A76211700A66E81 /* Extension + UIImage.swift */,
			);
			path = Extensions;
			sourceTree = "<group>";
		};
		12DEC8A82A6ECB7C003DE5EF = {
			isa = PBXGroup;
			children = (
				12DEC8C22A6ECB7D003DE5EF /* Info.plist */,
				12DEC8B32A6ECB7C003DE5EF /* Rick */,
				12DEC8B22A6ECB7C003DE5EF /* Products */,
			);
			sourceTree = "<group>";
		};
		12DEC8B22A6ECB7C003DE5EF /* Products */ = {
			isa = PBXGroup;
			children = (
				12DEC8B12A6ECB7C003DE5EF /* Rick.app */,
			);
			name = Products;
			sourceTree = "<group>";
		};
		12DEC8B32A6ECB7C003DE5EF /* Rick */ = {
			isa = PBXGroup;
			children = (
				12DEC8D32A6ED05D003DE5EF /* SupportingFiles */,
				126FBB8B2A7620FC00A66E81 /* Extensions */,
				12DEC8D92A6ED0D5003DE5EF /* View */,
				12DEC8D62A6ED083003DE5EF /* Services */,
			);
			path = Rick;
			sourceTree = "<group>";
		};
		12DEC8D22A6ED04C003DE5EF /* Models */ = {
			isa = PBXGroup;
			children = (
				12DEC8CE2A6ED02F003DE5EF /* CameraDataModel.swift */,
				12FE43FC2A6F3AD8001EDB94 /* DoorDataModel.swift */,
			);
			path = Models;
			sourceTree = "<group>";
		};
		12DEC8D32A6ED05D003DE5EF /* SupportingFiles */ = {
			isa = PBXGroup;
			children = (
				12DEC8B42A6ECB7C003DE5EF /* AppDelegate.swift */,
				12DEC8B62A6ECB7C003DE5EF /* SceneDelegate.swift */,
				12DEC8BD2A6ECB7D003DE5EF /* Assets.xcassets */,
			);
			path = SupportingFiles;
			sourceTree = "<group>";
		};
		12DEC8D62A6ED083003DE5EF /* Services */ = {
			isa = PBXGroup;
			children = (
				122B81B32A6FFFF900B3C93C /* Network */,
				122B81B22A6FFFD800B3C93C /* Storage */,
			);
			path = Services;
			sourceTree = "<group>";
		};
		12DEC8D92A6ED0D5003DE5EF /* View */ = {
			isa = PBXGroup;
			children = (
				12DEC8DA2A6ED0E0003DE5EF /* Storyboards */,
				12DEC8DE2A6ED159003DE5EF /* Cell */,
				12DEC8DB2A6ED0EF003DE5EF /* Controllers */,
			);
			path = View;
			sourceTree = "<group>";
		};
		12DEC8DA2A6ED0E0003DE5EF /* Storyboards */ = {
			isa = PBXGroup;
			children = (
				12DEC8BA2A6ECB7C003DE5EF /* Main.storyboard */,
				12DEC8BF2A6ECB7D003DE5EF /* LaunchScreen.storyboard */,
			);
			path = Storyboards;
			sourceTree = "<group>";
		};
		12DEC8DB2A6ED0EF003DE5EF /* Controllers */ = {
			isa = PBXGroup;
			children = (
				12DEC8B82A6ECB7C003DE5EF /* CamerasViewController.swift */,
				12FC46782A702F47002FAE3A /* DoorsViewController.swift */,
				12FE43FF2A6F4450001EDB94 /* DetailDomofonViewController.swift */,
			);
			path = Controllers;
			sourceTree = "<group>";
		};
		12DEC8DE2A6ED159003DE5EF /* Cell */ = {
			isa = PBXGroup;
			children = (
				12DEC8DC2A6ED154003DE5EF /* CamerasCell.swift */,
				12FC467A2A702F63002FAE3A /* DoorsCell.swift */,
				12B3AA2B2A7096A300E3C0A4 /* DoorsWithImageCell.swift */,
			);
			path = Cell;
			sourceTree = "<group>";
		};
/* End PBXGroup section */

/* Begin PBXNativeTarget section */
		12DEC8B02A6ECB7C003DE5EF /* Rick */ = {
			isa = PBXNativeTarget;
			buildConfigurationList = 12DEC8C52A6ECB7D003DE5EF /* Build configuration list for PBXNativeTarget "Rick" */;
			buildPhases = (
				12DEC8AD2A6ECB7C003DE5EF /* Sources */,
				12DEC8AE2A6ECB7C003DE5EF /* Frameworks */,
				12DEC8AF2A6ECB7C003DE5EF /* Resources */,
			);
			buildRules = (
			);
			dependencies = (
			);
			name = Rick;
			packageProductDependencies = (
				12DEC8CC2A6ECEB0003DE5EF /* RealmSwift */,
				12FE43FA2A6F31E9001EDB94 /* Kingfisher */,
				125D73002A730A5D00E63F74 /* Alamofire */,
			);
			productName = Rick;
			productReference = 12DEC8B12A6ECB7C003DE5EF /* Rick.app */;
			productType = "com.apple.product-type.application";
		};
/* End PBXNativeTarget section */

/* Begin PBXProject section */
		12DEC8A92A6ECB7C003DE5EF /* Project object */ = {
			isa = PBXProject;
			attributes = {
				BuildIndependentTargetsInParallel = 1;
				LastSwiftUpdateCheck = 1430;
				LastUpgradeCheck = 1430;
				TargetAttributes = {
					12DEC8B02A6ECB7C003DE5EF = {
						CreatedOnToolsVersion = 14.3.1;
					};
				};
			};
			buildConfigurationList = 12DEC8AC2A6ECB7C003DE5EF /* Build configuration list for PBXProject "Rick" */;
			compatibilityVersion = "Xcode 14.0";
			developmentRegion = en;
			hasScannedForEncodings = 0;
			knownRegions = (
				en,
				Base,
			);
			mainGroup = 12DEC8A82A6ECB7C003DE5EF;
			packageReferences = (
				12DEC8CB2A6ECEB0003DE5EF /* XCRemoteSwiftPackageReference "realm-swift" */,
				12FE43F92A6F31E8001EDB94 /* XCRemoteSwiftPackageReference "Kingfisher" */,
				125D72FF2A730A5D00E63F74 /* XCRemoteSwiftPackageReference "Alamofire" */,
			);
			productRefGroup = 12DEC8B22A6ECB7C003DE5EF /* Products */;
			projectDirPath = "";
			projectRoot = "";
			targets = (
				12DEC8B02A6ECB7C003DE5EF /* Rick */,
			);
		};
/* End PBXProject section */

/* Begin PBXResourcesBuildPhase section */
		12DEC8AF2A6ECB7C003DE5EF /* Resources */ = {
			isa = PBXResourcesBuildPhase;
			buildActionMask = 2147483647;
			files = (
				12DEC8C12A6ECB7D003DE5EF /* LaunchScreen.storyboard in Resources */,
				12DEC8BE2A6ECB7D003DE5EF /* Assets.xcassets in Resources */,
				12DEC8BC2A6ECB7C003DE5EF /* Main.storyboard in Resources */,
			);
			runOnlyForDeploymentPostprocessing = 0;
		};
/* End PBXResourcesBuildPhase section */

/* Begin PBXSourcesBuildPhase section */
		12DEC8AD2A6ECB7C003DE5EF /* Sources */ = {
			isa = PBXSourcesBuildPhase;
			buildActionMask = 2147483647;
			files = (
				12FE44002A6F4450001EDB94 /* DetailDomofonViewController.swift in Sources */,
				125D72FE2A730A3C00E63F74 /* APIClient.swift in Sources */,
				12DEC8DD2A6ED154003DE5EF /* CamerasCell.swift in Sources */,
				123296552A6FEA63004CEFF4 /* RealmManager.swift in Sources */,
				12DEC8D52A6ED07F003DE5EF /* NetworkService.swift in Sources */,
				12FC467B2A702F63002FAE3A /* DoorsCell.swift in Sources */,
				12DEC8B92A6ECB7C003DE5EF /* CamerasViewController.swift in Sources */,
				12DEC8B52A6ECB7C003DE5EF /* AppDelegate.swift in Sources */,
				12FC46792A702F47002FAE3A /* DoorsViewController.swift in Sources */,
				125D73032A730ACD00E63F74 /* ModelAPI.swift in Sources */,
				12FE43FD2A6F3AD8001EDB94 /* DoorDataModel.swift in Sources */,
				12DEC8E12A6ED7B1003DE5EF /* RealmModel.swift in Sources */,
				12DEC8CF2A6ED02F003DE5EF /* CameraDataModel.swift in Sources */,
				126FBB8D2A76211700A66E81 /* Extension + UIImage.swift in Sources */,
				12DEC8B72A6ECB7C003DE5EF /* SceneDelegate.swift in Sources */,
				12B3AA2C2A7096A300E3C0A4 /* DoorsWithImageCell.swift in Sources */,
			);
			runOnlyForDeploymentPostprocessing = 0;
		};
/* End PBXSourcesBuildPhase section */

/* Begin PBXVariantGroup section */
		12DEC8BA2A6ECB7C003DE5EF /* Main.storyboard */ = {
			isa = PBXVariantGroup;
			children = (
				12DEC8BB2A6ECB7C003DE5EF /* Base */,
			);
			name = Main.storyboard;
			sourceTree = "<group>";
		};
		12DEC8BF2A6ECB7D003DE5EF /* LaunchScreen.storyboard */ = {
			isa = PBXVariantGroup;
			children = (
				12DEC8C02A6ECB7D003DE5EF /* Base */,
			);
			name = LaunchScreen.storyboard;
			sourceTree = "<group>";
		};
/* End PBXVariantGroup section */

/* Begin XCBuildConfiguration section */
		12DEC8C32A6ECB7D003DE5EF /* Debug */ = {
			isa = XCBuildConfiguration;
			buildSettings = {
				ALWAYS_SEARCH_USER_PATHS = NO;
				CLANG_ANALYZER_NONNULL = YES;
				CLANG_ANALYZER_NUMBER_OBJECT_CONVERSION = YES_AGGRESSIVE;
				CLANG_CXX_LANGUAGE_STANDARD = "gnu++20";
				CLANG_ENABLE_MODULES = YES;
				CLANG_ENABLE_OBJC_ARC = YES;
				CLANG_ENABLE_OBJC_WEAK = YES;
				CLANG_WARN_BLOCK_CAPTURE_AUTORELEASING = YES;
				CLANG_WARN_BOOL_CONVERSION = YES;
				CLANG_WARN_COMMA = YES;
				CLANG_WARN_CONSTANT_CONVERSION = YES;
				CLANG_WARN_DEPRECATED_OBJC_IMPLEMENTATIONS = YES;
				CLANG_WARN_DIRECT_OBJC_ISA_USAGE = YES_ERROR;
				CLANG_WARN_DOCUMENTATION_COMMENTS = YES;
				CLANG_WARN_EMPTY_BODY = YES;
				CLANG_WARN_ENUM_CONVERSION = YES;
				CLANG_WARN_INFINITE_RECURSION = YES;
				CLANG_WARN_INT_CONVERSION = YES;
				CLANG_WARN_NON_LITERAL_NULL_CONVERSION = YES;
				CLANG_WARN_OBJC_IMPLICIT_RETAIN_SELF = YES;
				CLANG_WARN_OBJC_LITERAL_CONVERSION = YES;
				CLANG_WARN_OBJC_ROOT_CLASS = YES_ERROR;
				CLANG_WARN_QUOTED_INCLUDE_IN_FRAMEWORK_HEADER = YES;
				CLANG_WARN_RANGE_LOOP_ANALYSIS = YES;
				CLANG_WARN_STRICT_PROTOTYPES = YES;
				CLANG_WARN_SUSPICIOUS_MOVE = YES;
				CLANG_WARN_UNGUARDED_AVAILABILITY = YES_AGGRESSIVE;
				CLANG_WARN_UNREACHABLE_CODE = YES;
				CLANG_WARN__DUPLICATE_METHOD_MATCH = YES;
				COPY_PHASE_STRIP = NO;
				DEBUG_INFORMATION_FORMAT = dwarf;
				ENABLE_STRICT_OBJC_MSGSEND = YES;
				ENABLE_TESTABILITY = YES;
				GCC_C_LANGUAGE_STANDARD = gnu11;
				GCC_DYNAMIC_NO_PIC = NO;
				GCC_NO_COMMON_BLOCKS = YES;
				GCC_OPTIMIZATION_LEVEL = 0;
				GCC_PREPROCESSOR_DEFINITIONS = (
					"DEBUG=1",
					"$(inherited)",
				);
				GCC_WARN_64_TO_32_BIT_CONVERSION = YES;
				GCC_WARN_ABOUT_RETURN_TYPE = YES_ERROR;
				GCC_WARN_UNDECLARED_SELECTOR = YES;
				GCC_WARN_UNINITIALIZED_AUTOS = YES_AGGRESSIVE;
				GCC_WARN_UNUSED_FUNCTION = YES;
				GCC_WARN_UNUSED_VARIABLE = YES;
				IPHONEOS_DEPLOYMENT_TARGET = 16.4;
				MTL_ENABLE_DEBUG_INFO = INCLUDE_SOURCE;
				MTL_FAST_MATH = YES;
				ONLY_ACTIVE_ARCH = YES;
				SDKROOT = iphoneos;
				SWIFT_ACTIVE_COMPILATION_CONDITIONS = DEBUG;
				SWIFT_OPTIMIZATION_LEVEL = "-Onone";
			};
			name = Debug;
		};
		12DEC8C42A6ECB7D003DE5EF /* Release */ = {
			isa = XCBuildConfiguration;
			buildSettings = {
				ALWAYS_SEARCH_USER_PATHS = NO;
				CLANG_ANALYZER_NONNULL = YES;
				CLANG_ANALYZER_NUMBER_OBJECT_CONVERSION = YES_AGGRESSIVE;
				CLANG_CXX_LANGUAGE_STANDARD = "gnu++20";
				CLANG_ENABLE_MODULES = YES;
				CLANG_ENABLE_OBJC_ARC = YES;
				CLANG_ENABLE_OBJC_WEAK = YES;
				CLANG_WARN_BLOCK_CAPTURE_AUTORELEASING = YES;
				CLANG_WARN_BOOL_CONVERSION = YES;
				CLANG_WARN_COMMA = YES;
				CLANG_WARN_CONSTANT_CONVERSION = YES;
				CLANG_WARN_DEPRECATED_OBJC_IMPLEMENTATIONS = YES;
				CLANG_WARN_DIRECT_OBJC_ISA_USAGE = YES_ERROR;
				CLANG_WARN_DOCUMENTATION_COMMENTS = YES;
				CLANG_WARN_EMPTY_BODY = YES;
				CLANG_WARN_ENUM_CONVERSION = YES;
				CLANG_WARN_INFINITE_RECURSION = YES;
				CLANG_WARN_INT_CONVERSION = YES;
				CLANG_WARN_NON_LITERAL_NULL_CONVERSION = YES;
				CLANG_WARN_OBJC_IMPLICIT_RETAIN_SELF = YES;
				CLANG_WARN_OBJC_LITERAL_CONVERSION = YES;
				CLANG_WARN_OBJC_ROOT_CLASS = YES_ERROR;
				CLANG_WARN_QUOTED_INCLUDE_IN_FRAMEWORK_HEADER = YES;
				CLANG_WARN_RANGE_LOOP_ANALYSIS = YES;
				CLANG_WARN_STRICT_PROTOTYPES = YES;
				CLANG_WARN_SUSPICIOUS_MOVE = YES;
				CLANG_WARN_UNGUARDED_AVAILABILITY = YES_AGGRESSIVE;
				CLANG_WARN_UNREACHABLE_CODE = YES;
				CLANG_WARN__DUPLICATE_METHOD_MATCH = YES;
				COPY_PHASE_STRIP = NO;
				DEBUG_INFORMATION_FORMAT = "dwarf-with-dsym";
				ENABLE_NS_ASSERTIONS = NO;
				ENABLE_STRICT_OBJC_MSGSEND = YES;
				GCC_C_LANGUAGE_STANDARD = gnu11;
				GCC_NO_COMMON_BLOCKS = YES;
				GCC_WARN_64_TO_32_BIT_CONVERSION = YES;
				GCC_WARN_ABOUT_RETURN_TYPE = YES_ERROR;
				GCC_WARN_UNDECLARED_SELECTOR = YES;
				GCC_WARN_UNINITIALIZED_AUTOS = YES_AGGRESSIVE;
				GCC_WARN_UNUSED_FUNCTION = YES;
				GCC_WARN_UNUSED_VARIABLE = YES;
				IPHONEOS_DEPLOYMENT_TARGET = 16.4;
				MTL_ENABLE_DEBUG_INFO = NO;
				MTL_FAST_MATH = YES;
				SDKROOT = iphoneos;
				SWIFT_COMPILATION_MODE = wholemodule;
				SWIFT_OPTIMIZATION_LEVEL = "-O";
				VALIDATE_PRODUCT = YES;
			};
			name = Release;
		};
		12DEC8C62A6ECB7D003DE5EF /* Debug */ = {
			isa = XCBuildConfiguration;
			buildSettings = {
				ASSETCATALOG_COMPILER_APPICON_NAME = AppIcon;
				ASSETCATALOG_COMPILER_GLOBAL_ACCENT_COLOR_NAME = AccentColor;
				ASSETCATALOG_COMPILER_INCLUDE_ALL_APPICON_ASSETS = NO;
				CODE_SIGN_STYLE = Automatic;
				CURRENT_PROJECT_VERSION = 1;
				GENERATE_INFOPLIST_FILE = YES;
				INFOPLIST_FILE = Info.plist;
				INFOPLIST_KEY_UIApplicationSupportsIndirectInputEvents = YES;
				INFOPLIST_KEY_UILaunchStoryboardName = LaunchScreen;
				INFOPLIST_KEY_UIMainStoryboardFile = Main;
				INFOPLIST_KEY_UISupportedInterfaceOrientations = UIInterfaceOrientationPortrait;
				INFOPLIST_KEY_UISupportedInterfaceOrientations_iPad = "UIInterfaceOrientationLandscapeLeft UIInterfaceOrientationLandscapeRight UIInterfaceOrientationPortrait UIInterfaceOrientationPortraitUpsideDown";
				IPHONEOS_DEPLOYMENT_TARGET = 16.4;
				LD_RUNPATH_SEARCH_PATHS = (
					"$(inherited)",
					"@executable_path/Frameworks",
				);
				MARKETING_VERSION = 1.0;
				PRODUCT_BUNDLE_IDENTIFIER = com.donteco.Rick;
				PRODUCT_NAME = "$(TARGET_NAME)";
				SUPPORTED_PLATFORMS = "iphoneos iphonesimulator";
				SUPPORTS_MACCATALYST = NO;
				SUPPORTS_MAC_DESIGNED_FOR_IPHONE_IPAD = NO;
				SWIFT_EMIT_LOC_STRINGS = YES;
				SWIFT_VERSION = 5.0;
				TARGETED_DEVICE_FAMILY = 1;
			};
			name = Debug;
		};
		12DEC8C72A6ECB7D003DE5EF /* Release */ = {
			isa = XCBuildConfiguration;
			buildSettings = {
				ASSETCATALOG_COMPILER_APPICON_NAME = AppIcon;
				ASSETCATALOG_COMPILER_GLOBAL_ACCENT_COLOR_NAME = AccentColor;
				ASSETCATALOG_COMPILER_INCLUDE_ALL_APPICON_ASSETS = NO;
				CODE_SIGN_STYLE = Automatic;
				CURRENT_PROJECT_VERSION = 1;
				GENERATE_INFOPLIST_FILE = YES;
				INFOPLIST_FILE = Info.plist;
				INFOPLIST_KEY_UIApplicationSupportsIndirectInputEvents = YES;
				INFOPLIST_KEY_UILaunchStoryboardName = LaunchScreen;
				INFOPLIST_KEY_UIMainStoryboardFile = Main;
				INFOPLIST_KEY_UISupportedInterfaceOrientations = UIInterfaceOrientationPortrait;
				INFOPLIST_KEY_UISupportedInterfaceOrientations_iPad = "UIInterfaceOrientationLandscapeLeft UIInterfaceOrientationLandscapeRight UIInterfaceOrientationPortrait UIInterfaceOrientationPortraitUpsideDown";
				IPHONEOS_DEPLOYMENT_TARGET = 16.4;
				LD_RUNPATH_SEARCH_PATHS = (
					"$(inherited)",
					"@executable_path/Frameworks",
				);
				MARKETING_VERSION = 1.0;
				PRODUCT_BUNDLE_IDENTIFIER = com.donteco.Rick;
				PRODUCT_NAME = "$(TARGET_NAME)";
				SUPPORTED_PLATFORMS = "iphoneos iphonesimulator";
				SUPPORTS_MACCATALYST = NO;
				SUPPORTS_MAC_DESIGNED_FOR_IPHONE_IPAD = NO;
				SWIFT_EMIT_LOC_STRINGS = YES;
				SWIFT_VERSION = 5.0;
				TARGETED_DEVICE_FAMILY = 1;
			};
			name = Release;
		};
/* End XCBuildConfiguration section */

/* Begin XCConfigurationList section */
		12DEC8AC2A6ECB7C003DE5EF /* Build configuration list for PBXProject "Rick" */ = {
			isa = XCConfigurationList;
			buildConfigurations = (
				12DEC8C32A6ECB7D003DE5EF /* Debug */,
				12DEC8C42A6ECB7D003DE5EF /* Release */,
			);
			defaultConfigurationIsVisible = 0;
			defaultConfigurationName = Release;
		};
		12DEC8C52A6ECB7D003DE5EF /* Build configuration list for PBXNativeTarget "Rick" */ = {
			isa = XCConfigurationList;
			buildConfigurations = (
				12DEC8C62A6ECB7D003DE5EF /* Debug */,
				12DEC8C72A6ECB7D003DE5EF /* Release */,
			);
			defaultConfigurationIsVisible = 0;
			defaultConfigurationName = Release;
		};
/* End XCConfigurationList section */

/* Begin XCRemoteSwiftPackageReference section */
		125D72FF2A730A5D00E63F74 /* XCRemoteSwiftPackageReference "Alamofire" */ = {
			isa = XCRemoteSwiftPackageReference;
			repositoryURL = "https://github.com/Alamofire/Alamofire";
			requirement = {
				kind = upToNextMajorVersion;
				minimumVersion = 5.0.0;
			};
		};
		12DEC8CB2A6ECEB0003DE5EF /* XCRemoteSwiftPackageReference "realm-swift" */ = {
			isa = XCRemoteSwiftPackageReference;
			repositoryURL = "https://github.com/realm/realm-swift";
			requirement = {
				branch = master;
				kind = branch;
			};
		};
		12FE43F92A6F31E8001EDB94 /* XCRemoteSwiftPackageReference "Kingfisher" */ = {
			isa = XCRemoteSwiftPackageReference;
			repositoryURL = "https://github.com/onevcat/Kingfisher";
			requirement = {
				kind = upToNextMajorVersion;
				minimumVersion = 7.0.0;
			};
		};
/* End XCRemoteSwiftPackageReference section */

/* Begin XCSwiftPackageProductDependency section */
		125D73002A730A5D00E63F74 /* Alamofire */ = {
			isa = XCSwiftPackageProductDependency;
			package = 125D72FF2A730A5D00E63F74 /* XCRemoteSwiftPackageReference "Alamofire" */;
			productName = Alamofire;
		};
		12DEC8CC2A6ECEB0003DE5EF /* RealmSwift */ = {
			isa = XCSwiftPackageProductDependency;
			package = 12DEC8CB2A6ECEB0003DE5EF /* XCRemoteSwiftPackageReference "realm-swift" */;
			productName = RealmSwift;
		};
		12FE43FA2A6F31E9001EDB94 /* Kingfisher */ = {
			isa = XCSwiftPackageProductDependency;
			package = 12FE43F92A6F31E8001EDB94 /* XCRemoteSwiftPackageReference "Kingfisher" */;
			productName = Kingfisher;
		};
/* End XCSwiftPackageProductDependency section */
	};
	rootObject = 12DEC8A92A6ECB7C003DE5EF /* Project object */;
}
